
Microsoft Visual Studio Solution File, Format Version 12.00
# Visual Studio Version 17
VisualStudioVersion = 17.9.34728.123
MinimumVisualStudioVersion = 10.0.40219.1
Project("{D2ABAB84-BF74-430A-B69E-9DC6D40DDA17}") = "DistrisysOLAP", "DistrisysOLAP\DistrisysOLAP.dwproj", "{7F7A451C-D03C-4FDF-B5A9-63802BC4EDF6}"
EndProject
Global
	GlobalSection(SolutionConfigurationPlatforms) = preSolution
		Development|Default = Development|Default
	EndGlobalSection
	GlobalSection(ProjectConfigurationPlatforms) = postSolution
		{7F7A451C-D03C-4FDF-B5A9-63802BC4EDF6}.Development|Default.ActiveCfg = Development
		{7F7A451C-D03C-4FDF-B5A9-63802BC4EDF6}.Development|Default.Build.0 = Development
		{7F7A451C-D03C-4FDF-B5A9-63802BC4EDF6}.Development|Default.Deploy.0 = Development
	EndGlobalSection
	GlobalSection(SolutionProperties) = preSolution
		HideSolutionNode = FALSE
	EndGlobalSection
	GlobalSection(ExtensibilityGlobals) = postSolution
		SolutionGuid = {4A9EA7A6-EB25-4706-A853-5812CD9C5447}
	EndGlobalSection
EndGlobal
